
Microsoft Visual Studio Solution File, Format Version 12.00
# Visual Studio Version 17
VisualStudioVersion = 17.9.34616.47
MinimumVisualStudioVersion = 10.0.40219.1
Project("{FAE04EC0-301F-11D3-BF4B-00C04F79EFBC}") = "Orm-Performance", "Orm-Performance.csproj", "{28A06318-DEC7-4EB4-A4D5-5601D808CA7B}"
EndProject
Global
	GlobalSection(SolutionConfigurationPlatforms) = preSolution
		Debug|Any CPU = Debug|Any CPU
		Release|Any CPU = Release|Any CPU
	EndGlobalSection
	GlobalSection(ProjectConfigurationPlatforms) = postSolution
		{28A06318-DEC7-4EB4-A4D5-5601D808CA7B}.Debug|Any CPU.ActiveCfg = Debug|Any CPU
		{28A06318-DEC7-4EB4-A4D5-5601D808CA7B}.Debug|Any CPU.Build.0 = Debug|Any CPU
		{28A06318-DEC7-4EB4-A4D5-5601D808CA7B}.Release|Any CPU.ActiveCfg = Release|Any CPU
		{28A06318-DEC7-4EB4-A4D5-5601D808CA7B}.Release|Any CPU.Build.0 = Release|Any CPU
	EndGlobalSection
	GlobalSection(SolutionProperties) = preSolution
		HideSolutionNode = FALSE
	EndGlobalSection
	GlobalSection(ExtensibilityGlobals) = postSolution
		SolutionGuid = {309358CE-1F4A-4C85-81B8-E1F9D8D663AF}
	EndGlobalSection
EndGlobal
